
Microsoft Visual Studio Solution File, Format Version 12.00
# Visual Studio 14
VisualStudioVersion = 14.0.25123.0
MinimumVisualStudioVersion = 10.0.40219.1
Project("{888888A0-9F3D-457C-B088-3A5042F75D52}") = "StreamNetworkandRiverStylesToolbox", "StreamNetworkandRiverStylesToolbox.pyproj", "{54BB0110-2BB5-4B52-B164-C697BDC76521}"
EndProject
Global
	GlobalSection(SolutionConfigurationPlatforms) = preSolution
		Debug CalculateConfinement|Any CPU = Debug CalculateConfinement|Any CPU
		Debug|Any CPU = Debug|Any CPU
		Release|Any CPU = Release|Any CPU
	EndGlobalSection
	GlobalSection(ProjectConfigurationPlatforms) = postSolution
		{54BB0110-2BB5-4B52-B164-C697BDC76521}.Debug CalculateConfinement|Any CPU.ActiveCfg = Debug|Any CPU
		{54BB0110-2BB5-4B52-B164-C697BDC76521}.Debug|Any CPU.ActiveCfg = Debug|Any CPU
		{54BB0110-2BB5-4B52-B164-C697BDC76521}.Release|Any CPU.ActiveCfg = Release|Any CPU
	EndGlobalSection
	GlobalSection(SolutionProperties) = preSolution
		HideSolutionNode = FALSE
	EndGlobalSection
EndGlobal
